{
  "name": "assets",
  "lockfileVersion": 2,
  "requires": true,
  "packages": {
    "": {
      "license": "MIT",
      "dependencies": {
        "@fortawesome/fontawesome-free": "^5.14.0",
        "alpinejs": "^3.9.0",
        "phoenix": "file:../deps/phoenix",
        "phoenix_html": "file:../deps/phoenix_html",
        "phoenix_live_view": "file:../deps/phoenix_live_view"
      }
    },
    "../deps/phoenix": {
      "version": "1.7.6",
      "integrity": "sha512-aJKbnuCTtgH8qT7AzHhPwhOP3bqhja3ogFMQmUdY7jNzl/91nsUtpnz0M3HDW7j+IvfjiM2/TIkOaGwzW9BKhg==",
      "license": "MIT"
    },
    "../deps/phoenix_html": {
      "version": "3.3.1",
      "integrity": "sha512-ANd2C2dlqlmTsyudYZlAuwoYs1AUVlrn9Htwz4RqGY+dTAYOvBrfAlodLR2BlK6c+M4Jcaj/LvSbqT5BV+UBYQ=="
    },
    "../deps/phoenix_live_view": {
      "version": "0.19.3",
      "integrity": "sha512-r7PnVrj4Bg4cokJhYtmtXI8g7TV6srdopEwb/6tV1Q+kNSi1E7eLChsjPsutp9MnNlWfSDt7zB225aCGwZe77Q==",
      "license": "MIT"
    },
    "node_modules/@fortawesome/fontawesome-free": {
      "version": "5.14.0",
      "resolved": "https://registry.npmjs.org/@fortawesome/fontawesome-free/-/fontawesome-free-5.14.0.tgz",
      "integrity": "sha512-OfdMsF+ZQgdKHP9jUbmDcRrP0eX90XXrsXIdyjLbkmSBzmMXPABB8eobUJtivaupucYaByz6WNe1PI1JuYm3qA==",
      "engines": {
        "node": ">=6"
      }
    },
    "node_modules/@vue/reactivity": {
      "version": "3.1.5",
      "resolved": "https://registry.npmjs.org/@vue/reactivity/-/reactivity-3.1.5.tgz",
      "integrity": "sha512-1tdfLmNjWG6t/CsPldh+foumYFo3cpyCHgBYQ34ylaMsJ+SNHQ1kApMIa8jN+i593zQuaw3AdWH0nJTARzCFhg==",
      "dependencies": {
        "@vue/shared": "3.1.5"
      }
    },
    "node_modules/@vue/shared": {
      "version": "3.1.5",
      "resolved": "https://registry.npmjs.org/@vue/shared/-/shared-3.1.5.tgz",
      "integrity": "sha512-oJ4F3TnvpXaQwZJNF3ZK+kLPHKarDmJjJ6jyzVNDKH9md1dptjC7lWR//jrGuLdek/U6iltWxqAnYOu8gCiOvA=="
    },
    "node_modules/alpinejs": {
      "version": "3.9.0",
      "resolved": "https://registry.npmjs.org/alpinejs/-/alpinejs-3.9.0.tgz",
      "integrity": "sha512-Dy8YOCR/BZ6WxKrfml/NCSX/JPBY8wKMqWmlyIbaneE98V9y8ZjSzv+g7VrXCkiDob1t8gf+lVNmH/tX0jfuYg==",
      "dependencies": {
        "@vue/reactivity": "~3.1.1"
      }
    },
    "node_modules/phoenix": {
      "resolved": "../deps/phoenix",
      "link": true
    },
    "node_modules/phoenix_html": {
      "resolved": "../deps/phoenix_html",
      "link": true
    },
    "node_modules/phoenix_live_view": {
      "resolved": "../deps/phoenix_live_view",
      "link": true
    }
  },
  "dependencies": {
    "@fortawesome/fontawesome-free": {
      "version": "5.14.0",
      "resolved": "https://registry.npmjs.org/@fortawesome/fontawesome-free/-/fontawesome-free-5.14.0.tgz",
      "integrity": "sha512-OfdMsF+ZQgdKHP9jUbmDcRrP0eX90XXrsXIdyjLbkmSBzmMXPABB8eobUJtivaupucYaByz6WNe1PI1JuYm3qA=="
    },
    "@vue/reactivity": {
      "version": "3.1.5",
      "resolved": "https://registry.npmjs.org/@vue/reactivity/-/reactivity-3.1.5.tgz",
      "integrity": "sha512-1tdfLmNjWG6t/CsPldh+foumYFo3cpyCHgBYQ34ylaMsJ+SNHQ1kApMIa8jN+i593zQuaw3AdWH0nJTARzCFhg==",
      "requires": {
        "@vue/shared": "3.1.5"
      }
    },
    "@vue/shared": {
      "version": "3.1.5",
      "resolved": "https://registry.npmjs.org/@vue/shared/-/shared-3.1.5.tgz",
      "integrity": "sha512-oJ4F3TnvpXaQwZJNF3ZK+kLPHKarDmJjJ6jyzVNDKH9md1dptjC7lWR//jrGuLdek/U6iltWxqAnYOu8gCiOvA=="
    },
    "alpinejs": {
      "version": "3.9.0",
      "resolved": "https://registry.npmjs.org/alpinejs/-/alpinejs-3.9.0.tgz",
      "integrity": "sha512-Dy8YOCR/BZ6WxKrfml/NCSX/JPBY8wKMqWmlyIbaneE98V9y8ZjSzv+g7VrXCkiDob1t8gf+lVNmH/tX0jfuYg==",
      "requires": {
        "@vue/reactivity": "~3.1.1"
      }
    },
    "phoenix": {
      "version": "file:../deps/phoenix"
    },
    "phoenix_html": {
      "version": "file:../deps/phoenix_html"
    },
    "phoenix_live_view": {
      "version": "file:../deps/phoenix_live_view"
    }
  }
}
