{
  "name": "assets",
  "lockfileVersion": 2,
  "requires": true,
  "packages": {
    "": {
      "license": "MIT",
      "dependencies": {
        "@fortawesome/fontawesome-free": "^5.14.0",
        "alpinejs": "^3.9.0",
        "chart.js": "^4.5.1",
        "chartjs-plugin-datalabels": "^2.2.0",
        "phoenix": "file:../deps/phoenix",
        "phoenix_html": "file:../deps/phoenix_html",
        "phoenix_live_view": "file:../deps/phoenix_live_view"
      }
    },
    "../deps/phoenix": {
      "version": "1.7.21",
      "integrity": "sha512-aJKbnuCTtgH8qT7AzHhPwhOP3bqhja3ogFMQmUdY7jNzl/91nsUtpnz0M3HDW7j+IvfjiM2/TIkOaGwzW9BKhg==",
      "license": "MIT"
    },
    "../deps/phoenix_html": {
      "version": "4.2.1",
      "integrity": "sha512-ANd2C2dlqlmTsyudYZlAuwoYs1AUVlrn9Htwz4RqGY+dTAYOvBrfAlodLR2BlK6c+M4Jcaj/LvSbqT5BV+UBYQ=="
    },
    "../deps/phoenix_live_view": {
      "version": "1.0.17",
      "integrity": "sha512-r7PnVrj4Bg4cokJhYtmtXI8g7TV6srdopEwb/6tV1Q+kNSi1E7eLChsjPsutp9MnNlWfSDt7zB225aCGwZe77Q==",
      "license": "MIT",
      "dependencies": {
        "morphdom": "2.7.5"
      },
      "devDependencies": {
        "@babel/cli": "7.27.0",
        "@babel/core": "7.26.10",
        "@babel/preset-env": "7.26.9",
        "@eslint/js": "^9.24.0",
        "@playwright/test": "^1.51.1",
        "@stylistic/eslint-plugin-js": "^4.2.0",
        "css.escape": "^1.5.1",
        "eslint": "9.24.0",
        "eslint-plugin-jest": "28.11.0",
        "eslint-plugin-playwright": "^2.2.0",
        "globals": "^16.0.0",
        "jest": "^29.7.0",
        "jest-environment-jsdom": "^29.7.0",
        "jest-monocart-coverage": "^1.1.1",
        "monocart-reporter": "^2.9.17",
        "phoenix": "1.7.21"
      }
    },
    "node_modules/@fortawesome/fontawesome-free": {
      "version": "5.14.0",
      "resolved": "https://registry.npmjs.org/@fortawesome/fontawesome-free/-/fontawesome-free-5.14.0.tgz",
      "integrity": "sha512-OfdMsF+ZQgdKHP9jUbmDcRrP0eX90XXrsXIdyjLbkmSBzmMXPABB8eobUJtivaupucYaByz6WNe1PI1JuYm3qA==",
      "engines": {
        "node": ">=6"
      }
    },
    "node_modules/@kurkle/color": {
      "version": "0.3.4",
      "resolved": "https://registry.npmjs.org/@kurkle/color/-/color-0.3.4.tgz",
      "integrity": "sha512-M5UknZPHRu3DEDWoipU6sE8PdkZ6Z/S+v4dD+Ke8IaNlpdSQah50lz1KtcFBa2vsdOnwbbnxJwVM4wty6udA5w==",
      "license": "MIT"
    },
    "node_modules/@vue/reactivity": {
      "version": "3.1.5",
      "resolved": "https://registry.npmjs.org/@vue/reactivity/-/reactivity-3.1.5.tgz",
      "integrity": "sha512-1tdfLmNjWG6t/CsPldh+foumYFo3cpyCHgBYQ34ylaMsJ+SNHQ1kApMIa8jN+i593zQuaw3AdWH0nJTARzCFhg==",
      "dependencies": {
        "@vue/shared": "3.1.5"
      }
    },
    "node_modules/@vue/shared": {
      "version": "3.1.5",
      "resolved": "https://registry.npmjs.org/@vue/shared/-/shared-3.1.5.tgz",
      "integrity": "sha512-oJ4F3TnvpXaQwZJNF3ZK+kLPHKarDmJjJ6jyzVNDKH9md1dptjC7lWR//jrGuLdek/U6iltWxqAnYOu8gCiOvA=="
    },
    "node_modules/alpinejs": {
      "version": "3.9.0",
      "resolved": "https://registry.npmjs.org/alpinejs/-/alpinejs-3.9.0.tgz",
      "integrity": "sha512-Dy8YOCR/BZ6WxKrfml/NCSX/JPBY8wKMqWmlyIbaneE98V9y8ZjSzv+g7VrXCkiDob1t8gf+lVNmH/tX0jfuYg==",
      "dependencies": {
        "@vue/reactivity": "~3.1.1"
      }
    },
    "node_modules/chart.js": {
      "version": "4.5.1",
      "resolved": "https://registry.npmjs.org/chart.js/-/chart.js-4.5.1.tgz",
      "integrity": "sha512-GIjfiT9dbmHRiYi6Nl2yFCq7kkwdkp1W/lp2J99rX0yo9tgJGn3lKQATztIjb5tVtevcBtIdICNWqlq5+E8/Pw==",
      "license": "MIT",
      "dependencies": {
        "@kurkle/color": "^0.3.0"
      },
      "engines": {
        "pnpm": ">=8"
      }
    },
    "node_modules/chartjs-plugin-datalabels": {
      "version": "2.2.0",
      "resolved": "https://registry.npmjs.org/chartjs-plugin-datalabels/-/chartjs-plugin-datalabels-2.2.0.tgz",
      "integrity": "sha512-14ZU30lH7n89oq+A4bWaJPnAG8a7ZTk7dKf48YAzMvJjQtjrgg5Dpk9f+LbjCF6bpx3RAGTeL13IXpKQYyRvlw==",
      "license": "MIT",
      "peerDependencies": {
        "chart.js": ">=3.0.0"
      }
    },
    "node_modules/phoenix": {
      "resolved": "../deps/phoenix",
      "link": true
    },
    "node_modules/phoenix_html": {
      "resolved": "../deps/phoenix_html",
      "link": true
    },
    "node_modules/phoenix_live_view": {
      "resolved": "../deps/phoenix_live_view",
      "link": true
    }
  },
  "dependencies": {
    "@fortawesome/fontawesome-free": {
      "version": "5.14.0",
      "resolved": "https://registry.npmjs.org/@fortawesome/fontawesome-free/-/fontawesome-free-5.14.0.tgz",
      "integrity": "sha512-OfdMsF+ZQgdKHP9jUbmDcRrP0eX90XXrsXIdyjLbkmSBzmMXPABB8eobUJtivaupucYaByz6WNe1PI1JuYm3qA=="
    },
    "@kurkle/color": {
      "version": "0.3.4",
      "resolved": "https://registry.npmjs.org/@kurkle/color/-/color-0.3.4.tgz",
      "integrity": "sha512-M5UknZPHRu3DEDWoipU6sE8PdkZ6Z/S+v4dD+Ke8IaNlpdSQah50lz1KtcFBa2vsdOnwbbnxJwVM4wty6udA5w=="
    },
    "@vue/reactivity": {
      "version": "3.1.5",
      "resolved": "https://registry.npmjs.org/@vue/reactivity/-/reactivity-3.1.5.tgz",
      "integrity": "sha512-1tdfLmNjWG6t/CsPldh+foumYFo3cpyCHgBYQ34ylaMsJ+SNHQ1kApMIa8jN+i593zQuaw3AdWH0nJTARzCFhg==",
      "requires": {
        "@vue/shared": "3.1.5"
      }
    },
    "@vue/shared": {
      "version": "3.1.5",
      "resolved": "https://registry.npmjs.org/@vue/shared/-/shared-3.1.5.tgz",
      "integrity": "sha512-oJ4F3TnvpXaQwZJNF3ZK+kLPHKarDmJjJ6jyzVNDKH9md1dptjC7lWR//jrGuLdek/U6iltWxqAnYOu8gCiOvA=="
    },
    "alpinejs": {
      "version": "3.9.0",
      "resolved": "https://registry.npmjs.org/alpinejs/-/alpinejs-3.9.0.tgz",
      "integrity": "sha512-Dy8YOCR/BZ6WxKrfml/NCSX/JPBY8wKMqWmlyIbaneE98V9y8ZjSzv+g7VrXCkiDob1t8gf+lVNmH/tX0jfuYg==",
      "requires": {
        "@vue/reactivity": "~3.1.1"
      }
    },
    "chart.js": {
      "version": "4.5.1",
      "resolved": "https://registry.npmjs.org/chart.js/-/chart.js-4.5.1.tgz",
      "integrity": "sha512-GIjfiT9dbmHRiYi6Nl2yFCq7kkwdkp1W/lp2J99rX0yo9tgJGn3lKQATztIjb5tVtevcBtIdICNWqlq5+E8/Pw==",
      "requires": {
        "@kurkle/color": "^0.3.0"
      }
    },
    "chartjs-plugin-datalabels": {
      "version": "2.2.0",
      "resolved": "https://registry.npmjs.org/chartjs-plugin-datalabels/-/chartjs-plugin-datalabels-2.2.0.tgz",
      "integrity": "sha512-14ZU30lH7n89oq+A4bWaJPnAG8a7ZTk7dKf48YAzMvJjQtjrgg5Dpk9f+LbjCF6bpx3RAGTeL13IXpKQYyRvlw==",
      "requires": {}
    },
    "phoenix": {
      "version": "file:../deps/phoenix"
    },
    "phoenix_html": {
      "version": "file:../deps/phoenix_html"
    },
    "phoenix_live_view": {
      "version": "file:../deps/phoenix_live_view",
      "requires": {
        "@babel/cli": "7.27.0",
        "@babel/core": "7.26.10",
        "@babel/preset-env": "7.26.9",
        "@eslint/js": "^9.24.0",
        "@playwright/test": "^1.51.1",
        "@stylistic/eslint-plugin-js": "^4.2.0",
        "css.escape": "^1.5.1",
        "eslint": "9.24.0",
        "eslint-plugin-jest": "28.11.0",
        "eslint-plugin-playwright": "^2.2.0",
        "globals": "^16.0.0",
        "jest": "^29.7.0",
        "jest-environment-jsdom": "^29.7.0",
        "jest-monocart-coverage": "^1.1.1",
        "monocart-reporter": "^2.9.17",
        "morphdom": "2.7.5",
        "phoenix": "1.7.21"
      }
    }
  }
}
